
Microsoft Visual Studio Solution File, Format Version 12.00
# Visual Studio Version 17
VisualStudioVersion = 17.4.33122.133
MinimumVisualStudioVersion = 10.0.40219.1
Project("{FAE04EC0-301F-11D3-BF4B-00C04F79EFBC}") = "LOOP task", "LOOP task.csproj", "{39A11AAE-0A4D-4457-8A9D-2EABAAAF08E8}"
EndProject
Global
	GlobalSection(SolutionConfigurationPlatforms) = preSolution
		Debug|Any CPU = Debug|Any CPU
		Release|Any CPU = Release|Any CPU
	EndGlobalSection
	GlobalSection(ProjectConfigurationPlatforms) = postSolution
		{39A11AAE-0A4D-4457-8A9D-2EABAAAF08E8}.Debug|Any CPU.ActiveCfg = Debug|Any CPU
		{39A11AAE-0A4D-4457-8A9D-2EABAAAF08E8}.Debug|Any CPU.Build.0 = Debug|Any CPU
		{39A11AAE-0A4D-4457-8A9D-2EABAAAF08E8}.Release|Any CPU.ActiveCfg = Release|Any CPU
		{39A11AAE-0A4D-4457-8A9D-2EABAAAF08E8}.Release|Any CPU.Build.0 = Release|Any CPU
	EndGlobalSection
	GlobalSection(SolutionProperties) = preSolution
		HideSolutionNode = FALSE
	EndGlobalSection
	GlobalSection(ExtensibilityGlobals) = postSolution
		SolutionGuid = {72F1F966-1554-4C10-8E0C-96972AC2AD70}
	EndGlobalSection
EndGlobal
